Microsoft Visual Studio Solution File, Format Version 9.00
# Visual Studio 2005
Project("{FAE04EC0-301F-11D3-BF4B-00C04F79EFBC}") = "NetFocus.Components.SearchComponent", "lib\NetFocus.Components.SearchComponent.csproj", "{E384D024-E322-49B4-88B0-87952EBEC2E5}"
EndProject
Global
	GlobalSection(SolutionConfigurationPlatforms) = preSolution
		Debug|Any CPU = Debug|Any CPU
		Release|Any CPU = Release|Any CPU
	EndGlobalSection
	GlobalSection(ProjectConfigurationPlatforms) = postSolution
		{E384D024-E322-49B4-88B0-87952EBEC2E5}.Debug|Any CPU.ActiveCfg = Debug|Any CPU
		{E384D024-E322-49B4-88B0-87952EBEC2E5}.Debug|Any CPU.Build.0 = Debug|Any CPU
		{E384D024-E322-49B4-88B0-87952EBEC2E5}.Release|Any CPU.ActiveCfg = Release|Any CPU
		{E384D024-E322-49B4-88B0-87952EBEC2E5}.Release|Any CPU.Build.0 = Release|Any CPU
	EndGlobalSection
	GlobalSection(SolutionProperties) = preSolution
		HideSolutionNode = FALSE
	EndGlobalSection
EndGlobal
